{
  "version": 4,
  "terraform_version": "1.3.9",
  "serial": 1,
  "lineage": "ec5c7984-b311-ed9c-79c8-eab8a49bf9fb",
  "outputs": {},
  "resources": [
    {
      "mode": "managed",
      "type": "local_file",
      "name": "mysite",
      "provider": "provider[\"registry.terraform.io/hashicorp/local\"]",
      "instances": [
        {
          "schema_version": 0,
          "attributes": {
            "content": "\u003chtml\u003e\n  \u003ctitle\u003emysite\u003c/title\u003e\n\u003c/html\u003e\n",
            "content_base64": null,
            "content_base64sha256": "DWey0bJYs1+yJGSLihfDC6V8KzWwiaqwMjzNmRir4BE=",
            "content_base64sha512": "bHKv4Qfu7oZKH3D/dLm2zvs3WtB6Y+inP0PJ960pgmHmYSWubFlwBwsyxK2HMOKTAgZtHo8U9XHUphYym1XesQ==",
            "content_md5": "3fd68d3e714e824d5f875a45d3c9c303",
            "content_sha1": "fa6f0f8534c487419862553e20007683ec244b57",
            "content_sha256": "0d67b2d1b258b35fb224648b8a17c30ba57c2b35b089aab0323ccd9918abe011",
            "content_sha512": "6c72afe107eeee864a1f70ff74b9b6cefb375ad07a63e8a73f43c9f7ad298261e66125ae6c5970070b32c4ad8730e29302066d1e8f14f571d4a616329b55deb1",
            "directory_permission": "0777",
            "file_permission": "0777",
            "filename": "/tmp/index.html",
            "id": "fa6f0f8534c487419862553e20007683ec244b57",
            "sensitive_content": null,
            "source": null
          },
          "sensitive_attributes": []
        }
      ]
    }
  ],
  "check_results": null
}
